
Microsoft Visual Studio Solution File, Format Version 12.00
# Visual Studio 2013
VisualStudioVersion = 12.0.40629.0
MinimumVisualStudioVersion = 10.0.40219.1
Project("{FAE04EC0-301F-11D3-BF4B-00C04F79EFBC}") = "WPF", "WPF\WPF.csproj", "{FA0C0335-BC7E-4736-B3DB-0D9654046A68}"
EndProject
Project("{FAE04EC0-301F-11D3-BF4B-00C04F79EFBC}") = "WPF_ListBoxItem", "WPF_ListBoxItem\WPF_ListBoxItem.csproj", "{ED01BC36-D7C4-4DD9-95FF-A7E356FE2E1C}"
EndProject
Project("{FAE04EC0-301F-11D3-BF4B-00C04F79EFBC}") = "WPF_listBoxItem_DataBinding", "WPF_listBoxItem_DataBinding\WPF_listBoxItem_DataBinding.csproj", "{4A085B34-8220-4201-AECC-6CDE2287E0EC}"
EndProject
Global
	GlobalSection(SolutionConfigurationPlatforms) = preSolution
		Debug|Any CPU = Debug|Any CPU
		Release|Any CPU = Release|Any CPU
	EndGlobalSection
	GlobalSection(ProjectConfigurationPlatforms) = postSolution
		{FA0C0335-BC7E-4736-B3DB-0D9654046A68}.Debug|Any CPU.ActiveCfg = Debug|Any CPU
		{FA0C0335-BC7E-4736-B3DB-0D9654046A68}.Debug|Any CPU.Build.0 = Debug|Any CPU
		{FA0C0335-BC7E-4736-B3DB-0D9654046A68}.Release|Any CPU.ActiveCfg = Release|Any CPU
		{FA0C0335-BC7E-4736-B3DB-0D9654046A68}.Release|Any CPU.Build.0 = Release|Any CPU
		{ED01BC36-D7C4-4DD9-95FF-A7E356FE2E1C}.Debug|Any CPU.ActiveCfg = Debug|Any CPU
		{ED01BC36-D7C4-4DD9-95FF-A7E356FE2E1C}.Debug|Any CPU.Build.0 = Debug|Any CPU
		{ED01BC36-D7C4-4DD9-95FF-A7E356FE2E1C}.Release|Any CPU.ActiveCfg = Release|Any CPU
		{ED01BC36-D7C4-4DD9-95FF-A7E356FE2E1C}.Release|Any CPU.Build.0 = Release|Any CPU
		{4A085B34-8220-4201-AECC-6CDE2287E0EC}.Debug|Any CPU.ActiveCfg = Debug|Any CPU
		{4A085B34-8220-4201-AECC-6CDE2287E0EC}.Debug|Any CPU.Build.0 = Debug|Any CPU
		{4A085B34-8220-4201-AECC-6CDE2287E0EC}.Release|Any CPU.ActiveCfg = Release|Any CPU
		{4A085B34-8220-4201-AECC-6CDE2287E0EC}.Release|Any CPU.Build.0 = Release|Any CPU
	EndGlobalSection
	GlobalSection(SolutionProperties) = preSolution
		HideSolutionNode = FALSE
	EndGlobalSection
EndGlobal
